// !$*UTF8*$!
{
	archiveVersion = 1;
	classes = {
	};
	objectVersion = 77;
	objects = {

/* Begin PBXBuildFile section */
		64674FEC558B1BB721E3281B /* RecordingCore in Frameworks */ = {isa = PBXBuildFile; productRef = B237FACF51794DAD4B8B30A6 /* RecordingCore */; };
		651FA23B038E85E0704E3342 /* AudioPipelineJobs in Frameworks */ = {isa = PBXBuildFile; productRef = 234879DAEC2256F37E40EEBC /* AudioPipelineJobs */; };
		6A2C3F578C1FD67551B1173A /* BatchTranscriberTests.swift in Sources */ = {isa = PBXBuildFile; fileRef = 2C7C9535F59A0C34F7816F65 /* BatchTranscriberTests.swift */; };
		8EFBD6CE8086F36CED3D45FA /* RecordingFormattersTests.swift in Sources */ = {isa = PBXBuildFile; fileRef = 530554F5DA0383ED728291F5 /* RecordingFormattersTests.swift */; };
		B41F3CA7F935963EBA8FC7E6 /* Cocoa.framework in Frameworks */ = {isa = PBXBuildFile; fileRef = F83379B555813CEE20BE895F /* Cocoa.framework */; };
		B613BAFD1C592783FC3934C9 /* MainWindowViewTests.swift in Sources */ = {isa = PBXBuildFile; fileRef = 2869FCC8825AFD91DAD850C7 /* MainWindowViewTests.swift */; };
		C30715B2C425CA0BDDF2BC88 /* RecordingStorage in Frameworks */ = {isa = PBXBuildFile; productRef = C81DE0068215EFA9C64A00DA /* RecordingStorage */; };
		DC7A7A1000000000DEAD0002 /* DictationCore in Frameworks */ = {isa = PBXBuildFile; productRef = DC7A7A1000000000DEAD0001 /* DictationCore */; };
		E74C324A87BEC59AA8FBC2A1 /* AppSettings in Frameworks */ = {isa = PBXBuildFile; productRef = DDADBEADF4CFB28174A18CD6 /* AppSettings */; };
		EDD09D52AABBE7C1F59C03C3 /* AppLog in Frameworks */ = {isa = PBXBuildFile; productRef = 2D7BB706295DFD7293887750 /* AppLog */; };
/* End PBXBuildFile section */

/* Begin PBXContainerItemProxy section */
		298D066AE547F4A69E78EE2F /* PBXContainerItemProxy */ = {
			isa = PBXContainerItemProxy;
			containerPortal = 64F04E692FBDBC4A00B58BE7 /* Project object */;
			proxyType = 1;
			remoteGlobalIDString = 64F04E702FBDBC4A00B58BE7;
			remoteInfo = "audio-pipeline";
		};
/* End PBXContainerItemProxy section */

/* Begin PBXFileReference section */
		15CF6A5696D76A63A88920B3 /* AmanuensisTests.xctest */ = {isa = PBXFileReference; explicitFileType = wrapper.cfbundle; includeInIndex = 0; path = AmanuensisTests.xctest; sourceTree = BUILT_PRODUCTS_DIR; };
		2869FCC8825AFD91DAD850C7 /* MainWindowViewTests.swift */ = {isa = PBXFileReference; includeInIndex = 1; lastKnownFileType = sourcecode.swift; path = MainWindowViewTests.swift; sourceTree = "<group>"; };
		2C7C9535F59A0C34F7816F65 /* BatchTranscriberTests.swift */ = {isa = PBXFileReference; includeInIndex = 1; lastKnownFileType = sourcecode.swift; path = BatchTranscriberTests.swift; sourceTree = "<group>"; };
		530554F5DA0383ED728291F5 /* RecordingFormattersTests.swift */ = {isa = PBXFileReference; includeInIndex = 1; lastKnownFileType = sourcecode.swift; path = RecordingFormattersTests.swift; sourceTree = "<group>"; };
		64F04E712FBDBC4A00B58BE7 /* Amanuensis.app */ = {isa = PBXFileReference; explicitFileType = wrapper.application; includeInIndex = 0; path = Amanuensis.app; sourceTree = BUILT_PRODUCTS_DIR; };
		F83379B555813CEE20BE895F /* Cocoa.framework */ = {isa = PBXFileReference; lastKnownFileType = wrapper.framework; name = Cocoa.framework; path = Platforms/MacOSX.platform/Developer/SDKs/MacOSX15.0.sdk/System/Library/Frameworks/Cocoa.framework; sourceTree = DEVELOPER_DIR; };
/* End PBXFileReference section */

/* Begin PBXFileSystemSynchronizedRootGroup section */
		64F04E732FBDBC4A00B58BE7 /* Amanuensis */ = {
			isa = PBXFileSystemSynchronizedRootGroup;
			exceptions = (
			);
			path = Amanuensis;
			sourceTree = "<group>";
		};
/* End PBXFileSystemSynchronizedRootGroup section */

/* Begin PBXFrameworksBuildPhase section */
		64F04E6E2FBDBC4A00B58BE7 /* Frameworks */ = {
			isa = PBXFrameworksBuildPhase;
			buildActionMask = 2147483647;
			files = (
				E74C324A87BEC59AA8FBC2A1 /* AppSettings in Frameworks */,
				C30715B2C425CA0BDDF2BC88 /* RecordingStorage in Frameworks */,
				64674FEC558B1BB721E3281B /* RecordingCore in Frameworks */,
				651FA23B038E85E0704E3342 /* AudioPipelineJobs in Frameworks */,
				EDD09D52AABBE7C1F59C03C3 /* AppLog in Frameworks */,
				DC7A7A1000000000DEAD0002 /* DictationCore in Frameworks */,
			);
			runOnlyForDeploymentPostprocessing = 0;
		};
		877C8CE2B947169700554471 /* Frameworks */ = {
			isa = PBXFrameworksBuildPhase;
			buildActionMask = 2147483647;
			files = (
				B41F3CA7F935963EBA8FC7E6 /* Cocoa.framework in Frameworks */,
			);
			runOnlyForDeploymentPostprocessing = 0;
		};
/* End PBXFrameworksBuildPhase section */

/* Begin PBXGroup section */
		064ADC1B724CD061BBA1EADA /* Frameworks */ = {
			isa = PBXGroup;
			children = (
				FF00AFB0FAEE5DA6BEEE1408 /* OS X */,
			);
			name = Frameworks;
			sourceTree = "<group>";
		};
		3429CFC1A5D3A42954B56D3A /* AmanuensisTests */ = {
			isa = PBXGroup;
			children = (
				530554F5DA0383ED728291F5 /* RecordingFormattersTests.swift */,
				2869FCC8825AFD91DAD850C7 /* MainWindowViewTests.swift */,
				2C7C9535F59A0C34F7816F65 /* BatchTranscriberTests.swift */,
			);
			path = AmanuensisTests;
			sourceTree = SOURCE_ROOT;
		};
		64F04E682FBDBC4A00B58BE7 = {
			isa = PBXGroup;
			children = (
				64F04E732FBDBC4A00B58BE7 /* Amanuensis */,
				64F04E722FBDBC4A00B58BE7 /* Products */,
				064ADC1B724CD061BBA1EADA /* Frameworks */,
				3429CFC1A5D3A42954B56D3A /* AmanuensisTests */,
			);
			sourceTree = "<group>";
		};
		64F04E722FBDBC4A00B58BE7 /* Products */ = {
			isa = PBXGroup;
			children = (
				64F04E712FBDBC4A00B58BE7 /* Amanuensis.app */,
				15CF6A5696D76A63A88920B3 /* AmanuensisTests.xctest */,
			);
			name = Products;
			sourceTree = "<group>";
		};
		FF00AFB0FAEE5DA6BEEE1408 /* OS X */ = {
			isa = PBXGroup;
			children = (
				F83379B555813CEE20BE895F /* Cocoa.framework */,
			);
			name = "OS X";
			sourceTree = "<group>";
		};
/* End PBXGroup section */

/* Begin PBXNativeTarget section */
		64F04E702FBDBC4A00B58BE7 /* Amanuensis */ = {
			isa = PBXNativeTarget;
			buildConfigurationList = 64F04E7C2FBDBC4C00B58BE7 /* Build configuration list for PBXNativeTarget "Amanuensis" */;
			buildPhases = (
				64F04E6D2FBDBC4A00B58BE7 /* Sources */,
				64F04E6E2FBDBC4A00B58BE7 /* Frameworks */,
				64F04E6F2FBDBC4A00B58BE7 /* Resources */,
			);
			buildRules = (
			);
			dependencies = (
			);
			fileSystemSynchronizedGroups = (
				64F04E732FBDBC4A00B58BE7 /* Amanuensis */,
			);
			name = Amanuensis;
			packageProductDependencies = (
				DDADBEADF4CFB28174A18CD6 /* AppSettings */,
				C81DE0068215EFA9C64A00DA /* RecordingStorage */,
				B237FACF51794DAD4B8B30A6 /* RecordingCore */,
				234879DAEC2256F37E40EEBC /* AudioPipelineJobs */,
				2D7BB706295DFD7293887750 /* AppLog */,
				DC7A7A1000000000DEAD0001 /* DictationCore */,
			);
			productName = "audio-pipeline";
			productReference = 64F04E712FBDBC4A00B58BE7 /* Amanuensis.app */;
			productType = "com.apple.product-type.application";
		};
		833E0F427B9A6971A775E4C9 /* AmanuensisTests */ = {
			isa = PBXNativeTarget;
			buildConfigurationList = 94DE8AAA6E7E5E715074EF86 /* Build configuration list for PBXNativeTarget "AmanuensisTests" */;
			buildPhases = (
				119A573F56C0774BE29A7749 /* Sources */,
				877C8CE2B947169700554471 /* Frameworks */,
				2BFFF20BDFABDEE4F40EBEFA /* Resources */,
			);
			buildRules = (
			);
			dependencies = (
				0B230F562B061A390E8A2C4F /* PBXTargetDependency */,
			);
			name = AmanuensisTests;
			productName = "audio-pipelineTests";
			productReference = 15CF6A5696D76A63A88920B3 /* AmanuensisTests.xctest */;
			productType = "com.apple.product-type.bundle.unit-test";
		};
/* End PBXNativeTarget section */

/* Begin PBXProject section */
		64F04E692FBDBC4A00B58BE7 /* Project object */ = {
			isa = PBXProject;
			attributes = {
				BuildIndependentTargetsInParallel = 1;
				LastSwiftUpdateCheck = 2650;
				LastUpgradeCheck = 2650;
				TargetAttributes = {
					64F04E702FBDBC4A00B58BE7 = {
						CreatedOnToolsVersion = 26.5;
					};
				};
			};
			buildConfigurationList = 64F04E6C2FBDBC4A00B58BE7 /* Build configuration list for PBXProject "Amanuensis" */;
			developmentRegion = en;
			hasScannedForEncodings = 0;
			knownRegions = (
				en,
				Base,
			);
			mainGroup = 64F04E682FBDBC4A00B58BE7;
			minimizedProjectReferenceProxies = 1;
			packageReferences = (
				0301059DB260F61893F0428E /* XCLocalSwiftPackageReference "AudioPipeline" */,
			);
			preferredProjectObjectVersion = 77;
			productRefGroup = 64F04E722FBDBC4A00B58BE7 /* Products */;
			projectDirPath = "";
			projectRoot = "";
			targets = (
				64F04E702FBDBC4A00B58BE7 /* Amanuensis */,
				833E0F427B9A6971A775E4C9 /* AmanuensisTests */,
			);
		};
/* End PBXProject section */

/* Begin PBXResourcesBuildPhase section */
		2BFFF20BDFABDEE4F40EBEFA /* Resources */ = {
			isa = PBXResourcesBuildPhase;
			buildActionMask = 2147483647;
			files = (
			);
			runOnlyForDeploymentPostprocessing = 0;
		};
		64F04E6F2FBDBC4A00B58BE7 /* Resources */ = {
			isa = PBXResourcesBuildPhase;
			buildActionMask = 2147483647;
			files = (
			);
			runOnlyForDeploymentPostprocessing = 0;
		};
/* End PBXResourcesBuildPhase section */

/* Begin PBXSourcesBuildPhase section */
		119A573F56C0774BE29A7749 /* Sources */ = {
			isa = PBXSourcesBuildPhase;
			buildActionMask = 2147483647;
			files = (
				8EFBD6CE8086F36CED3D45FA /* RecordingFormattersTests.swift in Sources */,
				B613BAFD1C592783FC3934C9 /* MainWindowViewTests.swift in Sources */,
				6A2C3F578C1FD67551B1173A /* BatchTranscriberTests.swift in Sources */,
			);
			runOnlyForDeploymentPostprocessing = 0;
		};
		64F04E6D2FBDBC4A00B58BE7 /* Sources */ = {
			isa = PBXSourcesBuildPhase;
			buildActionMask = 2147483647;
			files = (
			);
			runOnlyForDeploymentPostprocessing = 0;
		};
/* End PBXSourcesBuildPhase section */

/* Begin PBXTargetDependency section */
		0B230F562B061A390E8A2C4F /* PBXTargetDependency */ = {
			isa = PBXTargetDependency;
			name = "audio-pipeline";
			target = 64F04E702FBDBC4A00B58BE7 /* Amanuensis */;
			targetProxy = 298D066AE547F4A69E78EE2F /* PBXContainerItemProxy */;
		};
/* End PBXTargetDependency section */

/* Begin XCBuildConfiguration section */
		64F04E7A2FBDBC4C00B58BE7 /* Debug */ = {
			isa = XCBuildConfiguration;
			buildSettings = {
				ALWAYS_SEARCH_USER_PATHS = NO;
				ASSETCATALOG_COMPILER_GENERATE_SWIFT_ASSET_SYMBOL_EXTENSIONS = YES;
				CLANG_ANALYZER_NONNULL = YES;
				CLANG_ANALYZER_NUMBER_OBJECT_CONVERSION = YES_AGGRESSIVE;
				CLANG_CXX_LANGUAGE_STANDARD = "gnu++20";
				CLANG_ENABLE_MODULES = YES;
				CLANG_ENABLE_OBJC_ARC = YES;
				CLANG_ENABLE_OBJC_WEAK = YES;
				CLANG_WARN_BLOCK_CAPTURE_AUTORELEASING = YES;
				CLANG_WARN_BOOL_CONVERSION = YES;
				CLANG_WARN_COMMA = YES;
				CLANG_WARN_CONSTANT_CONVERSION = YES;
				CLANG_WARN_DEPRECATED_OBJC_IMPLEMENTATIONS = YES;
				CLANG_WARN_DIRECT_OBJC_ISA_USAGE = YES_ERROR;
				CLANG_WARN_DOCUMENTATION_COMMENTS = YES;
				CLANG_WARN_EMPTY_BODY = YES;
				CLANG_WARN_ENUM_CONVERSION = YES;
				CLANG_WARN_INFINITE_RECURSION = YES;
				CLANG_WARN_INT_CONVERSION = YES;
				CLANG_WARN_NON_LITERAL_NULL_CONVERSION = YES;
				CLANG_WARN_OBJC_IMPLICIT_RETAIN_SELF = YES;
				CLANG_WARN_OBJC_LITERAL_CONVERSION = YES;
				CLANG_WARN_OBJC_ROOT_CLASS = YES_ERROR;
				CLANG_WARN_QUOTED_INCLUDE_IN_FRAMEWORK_HEADER = YES;
				CLANG_WARN_RANGE_LOOP_ANALYSIS = YES;
				CLANG_WARN_STRICT_PROTOTYPES = YES;
				CLANG_WARN_SUSPICIOUS_MOVE = YES;
				CLANG_WARN_UNGUARDED_AVAILABILITY = YES_AGGRESSIVE;
				CLANG_WARN_UNREACHABLE_CODE = YES;
				CLANG_WARN__DUPLICATE_METHOD_MATCH = YES;
				CODE_SIGN_ENTITLEMENTS = "";
				COPY_PHASE_STRIP = NO;
				DEAD_CODE_STRIPPING = YES;
				DEBUG_INFORMATION_FORMAT = dwarf;
				ENABLE_STRICT_OBJC_MSGSEND = YES;
				ENABLE_TESTABILITY = YES;
				ENABLE_USER_SCRIPT_SANDBOXING = YES;
				GCC_C_LANGUAGE_STANDARD = gnu17;
				GCC_DYNAMIC_NO_PIC = NO;
				GCC_NO_COMMON_BLOCKS = YES;
				GCC_OPTIMIZATION_LEVEL = 0;
				GCC_PREPROCESSOR_DEFINITIONS = (
					"DEBUG=1",
					"$(inherited)",
				);
				GCC_WARN_64_TO_32_BIT_CONVERSION = YES;
				GCC_WARN_ABOUT_RETURN_TYPE = YES_ERROR;
				GCC_WARN_UNDECLARED_SELECTOR = YES;
				GCC_WARN_UNINITIALIZED_AUTOS = YES_AGGRESSIVE;
				GCC_WARN_UNUSED_FUNCTION = YES;
				GCC_WARN_UNUSED_VARIABLE = YES;
				LOCALIZATION_PREFERS_STRING_CATALOGS = YES;
				MACOSX_DEPLOYMENT_TARGET = 26.3;
				MTL_ENABLE_DEBUG_INFO = INCLUDE_SOURCE;
				MTL_FAST_MATH = YES;
				ONLY_ACTIVE_ARCH = YES;
				SDKROOT = macosx;
				STRING_CATALOG_GENERATE_SYMBOLS = YES;
				SWIFT_ACTIVE_COMPILATION_CONDITIONS = "DEBUG $(inherited)";
				SWIFT_OPTIMIZATION_LEVEL = "-Onone";
			};
			name = Debug;
		};
		64F04E7B2FBDBC4C00B58BE7 /* Release */ = {
			isa = XCBuildConfiguration;
			buildSettings = {
				ALWAYS_SEARCH_USER_PATHS = NO;
				ASSETCATALOG_COMPILER_GENERATE_SWIFT_ASSET_SYMBOL_EXTENSIONS = YES;
				CLANG_ANALYZER_NONNULL = YES;
				CLANG_ANALYZER_NUMBER_OBJECT_CONVERSION = YES_AGGRESSIVE;
				CLANG_CXX_LANGUAGE_STANDARD = "gnu++20";
				CLANG_ENABLE_MODULES = YES;
				CLANG_ENABLE_OBJC_ARC = YES;
				CLANG_ENABLE_OBJC_WEAK = YES;
				CLANG_WARN_BLOCK_CAPTURE_AUTORELEASING = YES;
				CLANG_WARN_BOOL_CONVERSION = YES;
				CLANG_WARN_COMMA = YES;
				CLANG_WARN_CONSTANT_CONVERSION = YES;
				CLANG_WARN_DEPRECATED_OBJC_IMPLEMENTATIONS = YES;
				CLANG_WARN_DIRECT_OBJC_ISA_USAGE = YES_ERROR;
				CLANG_WARN_DOCUMENTATION_COMMENTS = YES;
				CLANG_WARN_EMPTY_BODY = YES;
				CLANG_WARN_ENUM_CONVERSION = YES;
				CLANG_WARN_INFINITE_RECURSION = YES;
				CLANG_WARN_INT_CONVERSION = YES;
				CLANG_WARN_NON_LITERAL_NULL_CONVERSION = YES;
				CLANG_WARN_OBJC_IMPLICIT_RETAIN_SELF = YES;
				CLANG_WARN_OBJC_LITERAL_CONVERSION = YES;
				CLANG_WARN_OBJC_ROOT_CLASS = YES_ERROR;
				CLANG_WARN_QUOTED_INCLUDE_IN_FRAMEWORK_HEADER = YES;
				CLANG_WARN_RANGE_LOOP_ANALYSIS = YES;
				CLANG_WARN_STRICT_PROTOTYPES = YES;
				CLANG_WARN_SUSPICIOUS_MOVE = YES;
				CLANG_WARN_UNGUARDED_AVAILABILITY = YES_AGGRESSIVE;
				CLANG_WARN_UNREACHABLE_CODE = YES;
				CLANG_WARN__DUPLICATE_METHOD_MATCH = YES;
				CODE_SIGN_ENTITLEMENTS = "";
				COPY_PHASE_STRIP = NO;
				DEAD_CODE_STRIPPING = YES;
				DEBUG_INFORMATION_FORMAT = "dwarf-with-dsym";
				ENABLE_NS_ASSERTIONS = NO;
				ENABLE_STRICT_OBJC_MSGSEND = YES;
				ENABLE_USER_SCRIPT_SANDBOXING = YES;
				GCC_C_LANGUAGE_STANDARD = gnu17;
				GCC_NO_COMMON_BLOCKS = YES;
				GCC_WARN_64_TO_32_BIT_CONVERSION = YES;
				GCC_WARN_ABOUT_RETURN_TYPE = YES_ERROR;
				GCC_WARN_UNDECLARED_SELECTOR = YES;
				GCC_WARN_UNINITIALIZED_AUTOS = YES_AGGRESSIVE;
				GCC_WARN_UNUSED_FUNCTION = YES;
				GCC_WARN_UNUSED_VARIABLE = YES;
				LOCALIZATION_PREFERS_STRING_CATALOGS = YES;
				MACOSX_DEPLOYMENT_TARGET = 26.3;
				MTL_ENABLE_DEBUG_INFO = NO;
				MTL_FAST_MATH = YES;
				SDKROOT = macosx;
				STRING_CATALOG_GENERATE_SYMBOLS = YES;
				SWIFT_COMPILATION_MODE = wholemodule;
			};
			name = Release;
		};
		64F04E7D2FBDBC4C00B58BE7 /* Debug */ = {
			isa = XCBuildConfiguration;
			buildSettings = {
				ASSETCATALOG_COMPILER_APPICON_NAME = AppIcon;
				ASSETCATALOG_COMPILER_GLOBAL_ACCENT_COLOR_NAME = AccentColor;
				CODE_SIGN_ENTITLEMENTS = Amanuensis/Amanuensis.entitlements;
				CODE_SIGN_IDENTITY = "Developer ID Application";
				CODE_SIGN_STYLE = Manual;
				COMBINE_HIDPI_IMAGES = YES;
				CURRENT_PROJECT_VERSION = 1;
				DEAD_CODE_STRIPPING = YES;
				DEVELOPMENT_TEAM = V378YWVH44;
				ENABLE_APP_SANDBOX = YES;
				ENABLE_HARDENED_RUNTIME = YES;
				ENABLE_PREVIEWS = YES;
				ENABLE_TESTABILITY = YES;
				ENABLE_USER_SELECTED_FILES = readwrite;
				GENERATE_INFOPLIST_FILE = NO;
				INFOPLIST_FILE = Info.plist;
				INFOPLIST_KEY_LSUIElement = NO;
				INFOPLIST_KEY_NSAudioCaptureUsageDescription = "Amanuensis captures system audio output to your local recordings folder.";
				INFOPLIST_KEY_NSHumanReadableCopyright = "";
				INFOPLIST_KEY_NSMicrophoneUsageDescription = "Amanuensis records microphone audio to your local recordings folder.";
				LD_RUNPATH_SEARCH_PATHS = (
					"$(inherited)",
					"@executable_path/../Frameworks",
				);
				MARKETING_VERSION = 1.0;
				PRODUCT_BUNDLE_IDENTIFIER = work.miklos.amanuensis;
				PRODUCT_NAME = Amanuensis;
				REGISTER_APP_GROUPS = YES;
				STRING_CATALOG_GENERATE_SYMBOLS = YES;
				SWIFT_APPROACHABLE_CONCURRENCY = YES;
				SWIFT_DEFAULT_ACTOR_ISOLATION = MainActor;
				SWIFT_EMIT_LOC_STRINGS = YES;
				SWIFT_UPCOMING_FEATURE_MEMBER_IMPORT_VISIBILITY = YES;
				SWIFT_VERSION = 5.0;
			};
			name = Debug;
		};
		64F04E7E2FBDBC4C00B58BE7 /* Release */ = {
			isa = XCBuildConfiguration;
			buildSettings = {
				ASSETCATALOG_COMPILER_APPICON_NAME = AppIcon;
				ASSETCATALOG_COMPILER_GLOBAL_ACCENT_COLOR_NAME = AccentColor;
				CODE_SIGN_ENTITLEMENTS = Amanuensis/Amanuensis.entitlements;
				CODE_SIGN_IDENTITY = "Developer ID Application";
				CODE_SIGN_STYLE = Manual;
				COMBINE_HIDPI_IMAGES = YES;
				CURRENT_PROJECT_VERSION = 1;
				DEAD_CODE_STRIPPING = YES;
				DEVELOPMENT_TEAM = V378YWVH44;
				ENABLE_APP_SANDBOX = YES;
				ENABLE_HARDENED_RUNTIME = YES;
				ENABLE_PREVIEWS = YES;
				ENABLE_TESTABILITY = YES;
				ENABLE_USER_SELECTED_FILES = readwrite;
				GENERATE_INFOPLIST_FILE = NO;
				INFOPLIST_FILE = Info.plist;
				INFOPLIST_KEY_LSUIElement = NO;
				INFOPLIST_KEY_NSAudioCaptureUsageDescription = "Amanuensis captures system audio output to your local recordings folder.";
				INFOPLIST_KEY_NSHumanReadableCopyright = "";
				INFOPLIST_KEY_NSMicrophoneUsageDescription = "Amanuensis records microphone audio to your local recordings folder.";
				LD_RUNPATH_SEARCH_PATHS = (
					"$(inherited)",
					"@executable_path/../Frameworks",
				);
				MARKETING_VERSION = 1.0;
				PRODUCT_BUNDLE_IDENTIFIER = work.miklos.amanuensis;
				PRODUCT_NAME = Amanuensis;
				REGISTER_APP_GROUPS = YES;
				STRING_CATALOG_GENERATE_SYMBOLS = YES;
				SWIFT_APPROACHABLE_CONCURRENCY = YES;
				SWIFT_DEFAULT_ACTOR_ISOLATION = MainActor;
				SWIFT_EMIT_LOC_STRINGS = YES;
				SWIFT_UPCOMING_FEATURE_MEMBER_IMPORT_VISIBILITY = YES;
				SWIFT_VERSION = 5.0;
			};
			name = Release;
		};
		871DE529D6EFD03CBD7E761A /* Release */ = {
			isa = XCBuildConfiguration;
			buildSettings = {
				BUNDLE_LOADER = "$(TEST_HOST)";
				CODE_SIGN_IDENTITY = "Developer ID Application";
				CODE_SIGN_STYLE = Manual;
				DEAD_CODE_STRIPPING = YES;
				DEVELOPMENT_TEAM = V378YWVH44;
				GENERATE_INFOPLIST_FILE = YES;
				MACOSX_DEPLOYMENT_TARGET = 26.3;
				PRODUCT_BUNDLE_IDENTIFIER = work.miklos.amanuensis.tests;
				PRODUCT_NAME = "$(TARGET_NAME)";
				SDKROOT = macosx;
				SWIFT_DEFAULT_ACTOR_ISOLATION = MainActor;
				SWIFT_VERSION = 5.0;
				TEST_HOST = "$(BUILT_PRODUCTS_DIR)/Amanuensis.app/Contents/MacOS/Amanuensis";
			};
			name = Release;
		};
		878B4CC1C143EE7724809BD1 /* Debug */ = {
			isa = XCBuildConfiguration;
			buildSettings = {
				BUNDLE_LOADER = "$(TEST_HOST)";
				CODE_SIGN_IDENTITY = "Developer ID Application";
				CODE_SIGN_STYLE = Manual;
				DEAD_CODE_STRIPPING = YES;
				DEVELOPMENT_TEAM = V378YWVH44;
				GENERATE_INFOPLIST_FILE = YES;
				MACOSX_DEPLOYMENT_TARGET = 26.3;
				PRODUCT_BUNDLE_IDENTIFIER = work.miklos.amanuensis.tests;
				PRODUCT_NAME = "$(TARGET_NAME)";
				SDKROOT = macosx;
				SWIFT_DEFAULT_ACTOR_ISOLATION = MainActor;
				SWIFT_VERSION = 5.0;
				TEST_HOST = "$(BUILT_PRODUCTS_DIR)/Amanuensis.app/Contents/MacOS/Amanuensis";
			};
			name = Debug;
		};
/* End XCBuildConfiguration section */

/* Begin XCConfigurationList section */
		64F04E6C2FBDBC4A00B58BE7 /* Build configuration list for PBXProject "Amanuensis" */ = {
			isa = XCConfigurationList;
			buildConfigurations = (
				64F04E7A2FBDBC4C00B58BE7 /* Debug */,
				64F04E7B2FBDBC4C00B58BE7 /* Release */,
			);
			defaultConfigurationIsVisible = 0;
			defaultConfigurationName = Release;
		};
		64F04E7C2FBDBC4C00B58BE7 /* Build configuration list for PBXNativeTarget "Amanuensis" */ = {
			isa = XCConfigurationList;
			buildConfigurations = (
				64F04E7D2FBDBC4C00B58BE7 /* Debug */,
				64F04E7E2FBDBC4C00B58BE7 /* Release */,
			);
			defaultConfigurationIsVisible = 0;
			defaultConfigurationName = Release;
		};
		94DE8AAA6E7E5E715074EF86 /* Build configuration list for PBXNativeTarget "AmanuensisTests" */ = {
			isa = XCConfigurationList;
			buildConfigurations = (
				871DE529D6EFD03CBD7E761A /* Release */,
				878B4CC1C143EE7724809BD1 /* Debug */,
			);
			defaultConfigurationIsVisible = 0;
			defaultConfigurationName = Release;
		};
/* End XCConfigurationList section */

/* Begin XCLocalSwiftPackageReference section */
		0301059DB260F61893F0428E /* XCLocalSwiftPackageReference "AudioPipeline" */ = {
			isa = XCLocalSwiftPackageReference;
			relativePath = Packages/AudioPipeline;
		};
/* End XCLocalSwiftPackageReference section */

/* Begin XCSwiftPackageProductDependency section */
		234879DAEC2256F37E40EEBC /* AudioPipelineJobs */ = {
			isa = XCSwiftPackageProductDependency;
			productName = AudioPipelineJobs;
		};
		2D7BB706295DFD7293887750 /* AppLog */ = {
			isa = XCSwiftPackageProductDependency;
			productName = AppLog;
		};
		B237FACF51794DAD4B8B30A6 /* RecordingCore */ = {
			isa = XCSwiftPackageProductDependency;
			productName = RecordingCore;
		};
		C81DE0068215EFA9C64A00DA /* RecordingStorage */ = {
			isa = XCSwiftPackageProductDependency;
			productName = RecordingStorage;
		};
		DC7A7A1000000000DEAD0001 /* DictationCore */ = {
			isa = XCSwiftPackageProductDependency;
			productName = DictationCore;
		};
		DDADBEADF4CFB28174A18CD6 /* AppSettings */ = {
			isa = XCSwiftPackageProductDependency;
			productName = AppSettings;
		};
/* End XCSwiftPackageProductDependency section */
	};
	rootObject = 64F04E692FBDBC4A00B58BE7 /* Project object */;
}
