{
  "originHash" : "86851d68c3af6c7f12cb4204820a607e1f9afdd69731be277a1b746afaa1ec16",
  "pins" : [
    {
      "identity" : "fluidaudio",
      "kind" : "remoteSourceControl",
      "location" : "https://github.com/FluidInference/FluidAudio",
      "state" : {
        "revision" : "b9d43724cbdb5a980e441fd54180964e94d470f7",
        "version" : "0.15.4"
      }
    },
    {
      "identity" : "swift-argument-parser",
      "kind" : "remoteSourceControl",
      "location" : "https://github.com/apple/swift-argument-parser.git",
      "state" : {
        "revision" : "6a52f3251125d74daf04fcbd5e6f08a75d074382",
        "version" : "1.8.2"
      }
    },
    {
      "identity" : "whisperkit",
      "kind" : "remoteSourceControl",
      "location" : "https://github.com/argmaxinc/WhisperKit",
      "state" : {
        "revision" : "25c62997041c134b03ca82731ce2f6fd2cae1eb9",
        "version" : "1.0.0"
      }
    }
  ],
  "version" : 3
}
